# THIS IS AN AUTOGENERATED FILE. DO NOT EDIT THIS FILE DIRECTLY.
# yarn lockfile v1


"@mapbox/geojsonhint@2.0.1":
  version "2.0.1"
  resolved "http://registry.npm.taobao.org/@mapbox/geojsonhint/download/@mapbox/geojsonhint-2.0.1.tgz#32dac7300f04b3ebaec74b5ba9853dfb42532354"
  integrity sha1-MtrHMA8Es+uux0tbqYU9+0JTI1Q=
  dependencies:
    concat-stream "~1.5.1"
    jsonlint-lines "1.7.1"
    minimist "1.2.0"
    vfile "2.0.0"
    vfile-reporter "3.0.0"

"@sailshq/lodash@^3.10.2":
  version "3.10.3"
  resolved "http://registry.npm.taobao.org/@sailshq/lodash/download/@sailshq/lodash-3.10.3.tgz#61b6fa3a5db3fe802409b0ba152bcc99e7d27a58"
  integrity sha1-Ybb6Ol2z/oAkCbC6FSvMmefSelg=

"JSV@>= 4.0.x":
  version "4.0.2"
  resolved "http://registry.npm.taobao.org/JSV/download/JSV-4.0.2.tgz#d077f6825571f82132f9dffaed587b4029feff57"
  integrity sha1-0Hf2glVx+CEy+d/67Vh7QCn+/1c=

anchor@~0.11.0:
  version "0.11.6"
  resolved "http://registry.npm.taobao.org/anchor/download/anchor-0.11.6.tgz#e08afef69471bc713b61c0d8eddf239a857bb10c"
  integrity sha1-4Ir+9pRxvHE7YcDY7d8jmoV7sQw=
  dependencies:
    "@mapbox/geojsonhint" "2.0.1"
    "@sailshq/lodash" "^3.10.2"
    validator "4.4.0"

ansi-regex@^2.0.0:
  version "2.1.1"
  resolved "http://registry.npm.taobao.org/ansi-regex/download/ansi-regex-2.1.1.tgz#c3b33ab5ee360d86e0e628f0468ae7ef27d654df"
  integrity sha1-w7M6te42DYbg5ijwRorn7yfWVN8=

ansi-styles@^2.2.1:
  version "2.2.1"
  resolved "http://registry.npm.taobao.org/ansi-styles/download/ansi-styles-2.2.1.tgz#b432dd3358b634cf75e1e4664368240533c1ddbe"
  integrity sha1-tDLdM1i2NM914eRmQ2gkBTPB3b4=

ansi-styles@~1.0.0:
  version "1.0.0"
  resolved "http://registry.npm.taobao.org/ansi-styles/download/ansi-styles-1.0.0.tgz#cb102df1c56f5123eab8b67cd7b98027a0279178"
  integrity sha1-yxAt8cVvUSPquLZ817mAJ6AnkXg=

arr-diff@^2.0.0:
  version "2.0.0"
  resolved "http://registry.npm.taobao.org/arr-diff/download/arr-diff-2.0.0.tgz#8f3b827f955a8bd669697e4a4256ac3ceae356cf"
  integrity sha1-jzuCf5Vai9ZpaX5KQlasPOrjVs8=
  dependencies:
    arr-flatten "^1.0.1"

arr-flatten@^1.0.1:
  version "1.1.0"
  resolved "http://registry.npm.taobao.org/arr-flatten/download/arr-flatten-1.1.0.tgz#36048bbff4e7b47e136644316c99669ea5ae91f1"
  integrity sha1-NgSLv/TntH4TZkQxbJlmnqWukfE=

array-unique@^0.2.1:
  version "0.2.1"
  resolved "http://registry.npm.taobao.org/array-unique/download/array-unique-0.2.1.tgz#a1d97ccafcbc2625cc70fadceb36a50c58b01a53"
  integrity sha1-odl8yvy8JiXMcPrc6zalDFiwGlM=

async@0.2.x, async@~0.2.9:
  version "0.2.10"
  resolved "http://registry.npm.taobao.org/async/download/async-0.2.10.tgz#b6bbe0b0674b9d719708ca38de8c237cb526c3d1"
  integrity sha1-trvgsGdLnXGXCMo43owjfLUmw9E=

async@^2.1.2:
  version "2.6.2"
  resolved "http://registry.npm.taobao.org/async/download/async-2.6.2.tgz#18330ea7e6e313887f5d2f2a904bac6fe4dd5381"
  integrity sha1-GDMOp+bjE4h/XS8qkEusb+TdU4E=
  dependencies:
    lodash "^4.17.11"

async@~1.2.0:
  version "1.2.1"
  resolved "http://registry.npm.taobao.org/async/download/async-1.2.1.tgz#a4816a17cd5ff516dfa2c7698a453369b9790de0"
  integrity sha1-pIFqF81f9RbfosdpikUzabl5DeA=

babel-runtime@^6.11.6, babel-runtime@^6.6.1:
  version "6.26.0"
  resolved "http://registry.npm.taobao.org/babel-runtime/download/babel-runtime-6.26.0.tgz#965c7058668e82b55d7bfe04ff2337bc8b5647fe"
  integrity sha1-llxwWGaOgrVde/4E/yM3vItWR/4=
  dependencies:
    core-js "^2.4.0"
    regenerator-runtime "^0.11.0"

balanced-match@^1.0.0:
  version "1.0.0"
  resolved "http://registry.npm.taobao.org/balanced-match/download/balanced-match-1.0.0.tgz#89b4d199ab2bee49de164ea02b89ce462d71b767"
  integrity sha1-ibTRmasr7kneFk6gK4nORi1xt2c=

bignumber.js@4.1.0:
  version "4.1.0"
  resolved "http://registry.npm.taobao.org/bignumber.js/download/bignumber.js-4.1.0.tgz#db6f14067c140bd46624815a7916c92d9b6c24b1"
  integrity sha1-228UBnwUC9RmJIFaeRbJLZtsJLE=

bluebird@^3.4.3, bluebird@^3.4.6:
  version "3.5.3"
  resolved "http://registry.npm.taobao.org/bluebird/download/bluebird-3.5.3.tgz#7d01c6f9616c9a51ab0f8c549a79dfe6ec33efa7"
  integrity sha1-fQHG+WFsmlGrD4xUmnnf5uwz76c=

bluebird@~2.9.25:
  version "2.9.34"
  resolved "http://registry.npm.taobao.org/bluebird/download/bluebird-2.9.34.tgz#2f7b4ec80216328a9fddebdf69c8d4942feff7d8"
  integrity sha1-L3tOyAIWMoqf3evfacjUlC/v99g=

bookshelf@^0.10.2:
  version "0.10.4"
  resolved "http://registry.npm.taobao.org/bookshelf/download/bookshelf-0.10.4.tgz#fe06984456740417aba13d0d76c7b065d1f1774d"
  integrity sha1-/gaYRFZ0BBeroT0NdsewZdHxd00=
  dependencies:
    babel-runtime "^6.6.1"
    bluebird "^3.4.3"
    chalk "^1.0.0"
    create-error "~0.3.1"
    inflection "^1.5.1"
    inherits "~2.0.1"
    lodash "^4.13.1"

brace-expansion@^1.1.7:
  version "1.1.11"
  resolved "http://registry.npm.taobao.org/brace-expansion/download/brace-expansion-1.1.11.tgz#3c7fcbf529d87226f3d2f52b966ff5271eb441dd"
  integrity sha1-PH/L9SnYcibz0vUrlm/1Jx60Qd0=
  dependencies:
    balanced-match "^1.0.0"
    concat-map "0.0.1"

braces@^1.8.2:
  version "1.8.5"
  resolved "http://registry.npm.taobao.org/braces/download/braces-1.8.5.tgz#ba77962e12dff969d6b76711e914b737857bf6a7"
  integrity sha1-uneWLhLf+WnWt2cR6RS3N4V79qc=
  dependencies:
    expand-range "^1.8.1"
    preserve "^0.2.0"
    repeat-element "^1.1.2"

chalk@^1.0.0, chalk@^1.1.0:
  version "1.1.3"
  resolved "http://registry.npm.taobao.org/chalk/download/chalk-1.1.3.tgz#a8115c55e4a702fe4d150abd3872822a7e09fc98"
  integrity sha1-qBFcVeSnAv5NFQq9OHKCKn4J/Jg=
  dependencies:
    ansi-styles "^2.2.1"
    escape-string-regexp "^1.0.2"
    has-ansi "^2.0.0"
    strip-ansi "^3.0.0"
    supports-color "^2.0.0"

chalk@~0.4.0:
  version "0.4.0"
  resolved "http://registry.npm.taobao.org/chalk/download/chalk-0.4.0.tgz#5199a3ddcd0c1efe23bc08c1b027b06176e0c64f"
  integrity sha1-UZmj3c0MHv4jvAjBsCewYXbgxk8=
  dependencies:
    ansi-styles "~1.0.0"
    has-color "~0.1.0"
    strip-ansi "~0.1.0"

code-point-at@^1.0.0:
  version "1.1.0"
  resolved "http://registry.npm.taobao.org/code-point-at/download/code-point-at-1.1.0.tgz#0d070b4d043a5bea33a2f1a40e2edb3d9a4ccf77"
  integrity sha1-DQcLTQQ6W+ozovGkDi7bPZpMz3c=

colors@0.6.x:
  version "0.6.2"
  resolved "http://registry.npm.taobao.org/colors/download/colors-0.6.2.tgz#2423fe6678ac0c5dae8852e5d0e5be08c997abcc"
  integrity sha1-JCP+ZnisDF2uiFLl0OW+CMmXq8w=

commander@^2.2.0, commander@^2.9.0:
  version "2.19.0"
  resolved "http://registry.npm.taobao.org/commander/download/commander-2.19.0.tgz#f6198aa84e5b83c46054b94ddedbfed5ee9ff12a"
  integrity sha1-9hmKqE5bg8RgVLlN3tv+1e6f8So=

concat-map@0.0.1:
  version "0.0.1"
  resolved "http://registry.npm.taobao.org/concat-map/download/concat-map-0.0.1.tgz#d8a96bd77fd68df7793a73036a3ba0d5405d477b"
  integrity sha1-2Klr13/Wjfd5OnMDajug1UBdR3s=

concat-stream@~1.5.1:
  version "1.5.2"
  resolved "http://registry.npm.taobao.org/concat-stream/download/concat-stream-1.5.2.tgz#708978624d856af41a5a741defdd261da752c266"
  integrity sha1-cIl4Yk2FavQaWnQd790mHadSwmY=
  dependencies:
    inherits "~2.0.1"
    readable-stream "~2.0.0"
    typedarray "~0.0.5"

cookie-signature@^1.0.6:
  version "1.1.0"
  resolved "http://registry.npm.taobao.org/cookie-signature/download/cookie-signature-1.1.0.tgz#cc94974f91fb9a9c1bb485e95fc2b7f4b120aff2"
  integrity sha1-zJSXT5H7mpwbtIXpX8K39LEgr/I=

cookie@^0.1.2:
  version "0.1.5"
  resolved "http://registry.npm.taobao.org/cookie/download/cookie-0.1.5.tgz#6ab9948a4b1ae21952cd2588530a4722d4044d7c"
  integrity sha1-armUiksa4hlSzSWIUwpHItQETXw=

core-js@^2.4.0:
  version "2.6.5"
  resolved "http://registry.npm.taobao.org/core-js/download/core-js-2.6.5.tgz#44bc8d249e7fb2ff5d00e0341a7ffb94fbf67895"
  integrity sha1-RLyNJJ5/sv9dAOA0Gn/7lPv2eJU=

core-util-is@~1.0.0:
  version "1.0.2"
  resolved "http://registry.npm.taobao.org/core-util-is/download/core-util-is-1.0.2.tgz#b5fd54220aa2bc5ab57aab7140c940754503c1a7"
  integrity sha1-tf1UIgqivFq1eqtxQMlAdUUDwac=

create-error@~0.3.1:
  version "0.3.1"
  resolved "http://registry.npm.taobao.org/create-error/download/create-error-0.3.1.tgz#69810245a629e654432bf04377360003a5351a23"
  integrity sha1-aYECRaYp5lRDK/BDdzYAA6U1GiM=

cycle@1.0.x:
  version "1.0.3"
  resolved "http://registry.npm.taobao.org/cycle/download/cycle-1.0.3.tgz#21e80b2be8580f98b468f379430662b046c34ad2"
  integrity sha1-IegLK+hYD5i0aPN5QwZisEbDStI=

debug@^2.1.3:
  version "2.6.9"
  resolved "http://registry.npm.taobao.org/debug/download/debug-2.6.9.tgz#5d128515df134ff327e90a4c93f4e077a536341f"
  integrity sha1-XRKFFd8TT/Mn6QpMk/Tgd6U2NB8=
  dependencies:
    ms "2.0.0"

deep-diff@~0.3.0:
  version "0.3.8"
  resolved "http://registry.npm.taobao.org/deep-diff/download/deep-diff-0.3.8.tgz#c01de63efb0eec9798801d40c7e0dae25b582c84"
  integrity sha1-wB3mPvsO7JeYgB1Ax+Da4ltYLIQ=

deep-equal@*:
  version "1.0.1"
  resolved "http://registry.npm.taobao.org/deep-equal/download/deep-equal-1.0.1.tgz#f5d260292b660e084eff4cdbc9f08ad3247448b5"
  integrity sha1-9dJgKStmDghO/0zbyfCK0yR0SLU=

detect-file@^0.1.0:
  version "0.1.0"
  resolved "http://registry.npm.taobao.org/detect-file/download/detect-file-0.1.0.tgz#4935dedfd9488648e006b0129566e9386711ea63"
  integrity sha1-STXe39lIhkjgBrASlWbpOGcR6mM=
  dependencies:
    fs-exists-sync "^0.1.0"

dot-access@0.0.5:
  version "0.0.5"
  resolved "http://registry.npm.taobao.org/dot-access/download/dot-access-0.0.5.tgz#75ebaadd009359ca9b018ccbd57b879acbd24440"
  integrity sha1-deuq3QCTWcqbAYzL1XuHmsvSREA=

dotenv@^2.0.0:
  version "2.0.0"
  resolved "http://registry.npm.taobao.org/dotenv/download/dotenv-2.0.0.tgz#bd759c357aaa70365e01c96b7b0bec08a6e0d949"
  integrity sha1-vXWcNXqqcDZeAclrewvsCKbg2Uk=

egg-framework@^1.0.0:
  version "1.0.0"
  resolved "http://registry.npm.taobao.org/egg-framework/download/egg-framework-1.0.0.tgz#3424ae75a60775142aa9cd6d0cae41c788a00d32"
  integrity sha1-NCSudaYHdRQqqc1tDK5Bx4igDTI=

egg.js@1.0.0:
  version "1.0.0"
  resolved "http://registry.npm.taobao.org/egg.js/download/egg.js-1.0.0.tgz#e40ff62505896242434ce91c9a9f8082515e7e89"
  integrity sha1-5A/2JQWJYkJDTOkcmp+AglFefok=
  dependencies:
    async "^2.1.2"
    bookshelf "^0.10.2"
    commander "^2.9.0"
    dotenv "^2.0.0"
    egg-framework "^1.0.0"
    ejs "^2.5.2"
    knex "^0.12.6"
    mysql "^2.12.0"
    node-session "^1.2.1"

ejs@^2.5.2:
  version "2.6.1"
  resolved "http://registry.npm.taobao.org/ejs/download/ejs-2.6.1.tgz#498ec0d495655abc6f23cd61868d926464071aa0"
  integrity sha1-SY7A1JVlWrxvI81hho2SZGQHGqA=

encrypter@1.0.0-beta:
  version "1.0.0-beta"
  resolved "http://registry.npm.taobao.org/encrypter/download/encrypter-1.0.0-beta.tgz#776c4c1b0aae8b7cdd0448bad562e6406d8a534a"
  integrity sha1-d2xMGwqui3zdBEi61WLmQG2KU0o=

escape-string-regexp@^1.0.2:
  version "1.0.5"
  resolved "http://registry.npm.taobao.org/escape-string-regexp/download/escape-string-regexp-1.0.5.tgz#1b61c0562190a8dff6ae3bb2cf0200ca130b86d4"
  integrity sha1-G2HAViGQqN/2rjuyzwIAyhMLhtQ=

expand-brackets@^0.1.4:
  version "0.1.5"
  resolved "http://registry.npm.taobao.org/expand-brackets/download/expand-brackets-0.1.5.tgz#df07284e342a807cd733ac5af72411e581d1177b"
  integrity sha1-3wcoTjQqgHzXM6xa9yQR5YHRF3s=
  dependencies:
    is-posix-bracket "^0.1.0"

expand-range@^1.8.1:
  version "1.8.2"
  resolved "http://registry.npm.taobao.org/expand-range/download/expand-range-1.8.2.tgz#a299effd335fe2721ebae8e257ec79644fc85337"
  integrity sha1-opnv/TNf4nIeuujiV+x5ZE/IUzc=
  dependencies:
    fill-range "^2.1.0"

expand-tilde@^1.2.2:
  version "1.2.2"
  resolved "http://registry.npm.taobao.org/expand-tilde/download/expand-tilde-1.2.2.tgz#0b81eba897e5a3d31d1c3d102f8f01441e559449"
  integrity sha1-C4HrqJflo9MdHD0QL48BRB5VlEk=
  dependencies:
    os-homedir "^1.0.1"

extend@^3.0.0:
  version "3.0.2"
  resolved "http://registry.npm.taobao.org/extend/download/extend-3.0.2.tgz#f8b1136b4071fbd8eb140aff858b1019ec2915fa"
  integrity sha1-+LETa0Bx+9jrFAr/hYsQGewpFfo=

extglob@^0.3.1:
  version "0.3.2"
  resolved "http://registry.npm.taobao.org/extglob/download/extglob-0.3.2.tgz#2e18ff3d2f49ab2765cec9023f011daa8d8349a1"
  integrity sha1-Lhj/PS9JqydlzskCPwEdqo2DSaE=
  dependencies:
    is-extglob "^1.0.0"

eyes@0.1.x:
  version "0.1.8"
  resolved "http://registry.npm.taobao.org/eyes/download/eyes-0.1.8.tgz#62cf120234c683785d902348a800ef3e0cc20bc0"
  integrity sha1-Ys8SAjTGg3hdkCNIqADvPgzCC8A=

filename-regex@^2.0.0:
  version "2.0.1"
  resolved "http://registry.npm.taobao.org/filename-regex/download/filename-regex-2.0.1.tgz#c1c4b9bee3e09725ddb106b75c1e301fe2f18b26"
  integrity sha1-wcS5vuPglyXdsQa3XB4wH+LxiyY=

fill-range@^2.1.0:
  version "2.2.4"
  resolved "http://registry.npm.taobao.org/fill-range/download/fill-range-2.2.4.tgz#eb1e773abb056dcd8df2bfdf6af59b8b3a936565"
  integrity sha1-6x53OrsFbc2N8r/favWbizqTZWU=
  dependencies:
    is-number "^2.1.0"
    isobject "^2.0.0"
    randomatic "^3.0.0"
    repeat-element "^1.1.2"
    repeat-string "^1.5.2"

findup-sync@^0.4.2:
  version "0.4.3"
  resolved "http://registry.npm.taobao.org/findup-sync/download/findup-sync-0.4.3.tgz#40043929e7bc60adf0b7f4827c4c6e75a0deca12"
  integrity sha1-QAQ5Kee8YK3wt/SCfExudaDeyhI=
  dependencies:
    detect-file "^0.1.0"
    is-glob "^2.0.1"
    micromatch "^2.3.7"
    resolve-dir "^0.1.0"

flagged-respawn@^0.3.2:
  version "0.3.2"
  resolved "http://registry.npm.taobao.org/flagged-respawn/download/flagged-respawn-0.3.2.tgz#ff191eddcd7088a675b2610fffc976be9b8074b5"
  integrity sha1-/xke3c1wiKZ1smEP/8l2vpuAdLU=

for-in@^1.0.1:
  version "1.0.2"
  resolved "http://registry.npm.taobao.org/for-in/download/for-in-1.0.2.tgz#81068d295a8142ec0ac726c6e2200c30fb6d5e80"
  integrity sha1-gQaNKVqBQuwKxybG4iAMMPttXoA=

for-own@^0.1.4:
  version "0.1.5"
  resolved "http://registry.npm.taobao.org/for-own/download/for-own-0.1.5.tgz#5265c681a4f294dabbf17c9509b6763aa84510ce"
  integrity sha1-UmXGgaTylNq78XyVCbZ2OqhFEM4=
  dependencies:
    for-in "^1.0.1"

forwarded@~0.1.0:
  version "0.1.2"
  resolved "http://registry.npm.taobao.org/forwarded/download/forwarded-0.1.2.tgz#98c23dab1175657b8c0573e8ceccd91b0ff18c84"
  integrity sha1-mMI9qxF1ZXuMBXPozszZGw/xjIQ=

fs-exists-sync@^0.1.0:
  version "0.1.0"
  resolved "http://registry.npm.taobao.org/fs-exists-sync/download/fs-exists-sync-0.1.0.tgz#982d6893af918e72d08dec9e8673ff2b5a8d6add"
  integrity sha1-mC1ok6+RjnLQjeyehnP/K1qNat0=

fs-extra@^0.24.0:
  version "0.24.0"
  resolved "http://registry.npm.taobao.org/fs-extra/download/fs-extra-0.24.0.tgz#d4e4342a96675cb7846633a6099249332b539952"
  integrity sha1-1OQ0KpZnXLeEZjOmCZJJMytTmVI=
  dependencies:
    graceful-fs "^4.1.2"
    jsonfile "^2.1.0"
    path-is-absolute "^1.0.0"
    rimraf "^2.2.8"

fs.realpath@^1.0.0:
  version "1.0.0"
  resolved "http://registry.npm.taobao.org/fs.realpath/download/fs.realpath-1.0.0.tgz#1504ad2523158caa40db4a2787cb01411994ea4f"
  integrity sha1-FQStJSMVjKpA20onh8sBQRmU6k8=

function-bind@^1.1.1:
  version "1.1.1"
  resolved "http://registry.npm.taobao.org/function-bind/download/function-bind-1.1.1.tgz#a56899d3ea3c9bab874bb9773b7c5ede92f4895d"
  integrity sha1-pWiZ0+o8m6uHS7l3O3xe3pL0iV0=

generic-pool@^2.4.2:
  version "2.5.4"
  resolved "http://registry.npm.taobao.org/generic-pool/download/generic-pool-2.5.4.tgz#38c6188513e14030948ec6e5cf65523d9779299b"
  integrity sha1-OMYYhRPhQDCUjsblz2VSPZd5KZs=

glob-base@^0.3.0:
  version "0.3.0"
  resolved "http://registry.npm.taobao.org/glob-base/download/glob-base-0.3.0.tgz#dbb164f6221b1c0b1ccf82aea328b497df0ea3c4"
  integrity sha1-27Fk9iIbHAscz4Kuoyi0l98Oo8Q=
  dependencies:
    glob-parent "^2.0.0"
    is-glob "^2.0.0"

glob-parent@^2.0.0:
  version "2.0.0"
  resolved "http://registry.npm.taobao.org/glob-parent/download/glob-parent-2.0.0.tgz#81383d72db054fcccf5336daa902f182f6edbb28"
  integrity sha1-gTg9ctsFT8zPUzbaqQLxgvbtuyg=
  dependencies:
    is-glob "^2.0.0"

glob@^7.1.3:
  version "7.1.3"
  resolved "http://registry.npm.taobao.org/glob/download/glob-7.1.3.tgz#3960832d3f1574108342dafd3a67b332c0969df1"
  integrity sha1-OWCDLT8VdBCDQtr9OmezMsCWnfE=
  dependencies:
    fs.realpath "^1.0.0"
    inflight "^1.0.4"
    inherits "2"
    minimatch "^3.0.4"
    once "^1.3.0"
    path-is-absolute "^1.0.0"

global-modules@^0.2.3:
  version "0.2.3"
  resolved "http://registry.npm.taobao.org/global-modules/download/global-modules-0.2.3.tgz#ea5a3bed42c6d6ce995a4f8a1269b5dae223828d"
  integrity sha1-6lo77ULG1s6ZWk+KEmm12uIjgo0=
  dependencies:
    global-prefix "^0.1.4"
    is-windows "^0.2.0"

global-prefix@^0.1.4:
  version "0.1.5"
  resolved "http://registry.npm.taobao.org/global-prefix/download/global-prefix-0.1.5.tgz#8d3bc6b8da3ca8112a160d8d496ff0462bfef78f"
  integrity sha1-jTvGuNo8qBEqFg2NSW/wRiv+948=
  dependencies:
    homedir-polyfill "^1.0.0"
    ini "^1.3.4"
    is-windows "^0.2.0"
    which "^1.2.12"

graceful-fs@^4.1.2, graceful-fs@^4.1.6:
  version "4.1.15"
  resolved "http://registry.npm.taobao.org/graceful-fs/download/graceful-fs-4.1.15.tgz#ffb703e1066e8a0eeaa4c8b80ba9253eeefbfb00"
  integrity sha1-/7cD4QZuig7qpMi4C6klPu77+wA=

has-ansi@^2.0.0:
  version "2.0.0"
  resolved "http://registry.npm.taobao.org/has-ansi/download/has-ansi-2.0.0.tgz#34f5049ce1ecdf2b0649af3ef24e45ed35416d91"
  integrity sha1-NPUEnOHs3ysGSa8+8k5F7TVBbZE=
  dependencies:
    ansi-regex "^2.0.0"

has-color@~0.1.0:
  version "0.1.7"
  resolved "http://registry.npm.taobao.org/has-color/download/has-color-0.1.7.tgz#67144a5260c34fc3cca677d041daf52fe7b78b2f"
  integrity sha1-ZxRKUmDDT8PMpnfQQdr1L+e3iy8=

has@^1.0.1:
  version "1.0.3"
  resolved "http://registry.npm.taobao.org/has/download/has-1.0.3.tgz#722d7cbfc1f6aa8241f16dd814e011e1f41e8796"
  integrity sha1-ci18v8H2qoJB8W3YFOAR4fQeh5Y=
  dependencies:
    function-bind "^1.1.1"

homedir-polyfill@^1.0.0:
  version "1.0.3"
  resolved "http://registry.npm.taobao.org/homedir-polyfill/download/homedir-polyfill-1.0.3.tgz#743298cef4e5af3e194161fbadcc2151d3a058e8"
  integrity sha1-dDKYzvTlrz4ZQWH7rcwhUdOgWOg=
  dependencies:
    parse-passwd "^1.0.0"

i@0.3.x:
  version "0.3.6"
  resolved "http://registry.npm.taobao.org/i/download/i-0.3.6.tgz#d96c92732076f072711b6b10fd7d4f65ad8ee23d"
  integrity sha1-2WyScyB28HJxG2sQ/X1PZa2O4j0=

inflection@^1.5.1:
  version "1.12.0"
  resolved "http://registry.npm.taobao.org/inflection/download/inflection-1.12.0.tgz#a200935656d6f5f6bc4dc7502e1aecb703228416"
  integrity sha1-ogCTVlbW9fa8TcdQLhrstwMihBY=

inflight@^1.0.4:
  version "1.0.6"
  resolved "http://registry.npm.taobao.org/inflight/download/inflight-1.0.6.tgz#49bd6331d7d02d0c09bc910a1075ba8165b56df9"
  integrity sha1-Sb1jMdfQLQwJvJEKEHW6gWW1bfk=
  dependencies:
    once "^1.3.0"
    wrappy "1"

inherits@2, inherits@~2.0.1, inherits@~2.0.3:
  version "2.0.3"
  resolved "http://registry.npm.taobao.org/inherits/download/inherits-2.0.3.tgz#633c2c83e3da42a502f52466022480f4208261de"
  integrity sha1-Yzwsg+PaQqUC9SRmAiSA9CCCYd4=

ini@^1.3.4:
  version "1.3.5"
  resolved "http://registry.npm.taobao.org/ini/download/ini-1.3.5.tgz#eee25f56db1c9ec6085e0c22778083f596abf927"
  integrity sha1-7uJfVtscnsYIXgwid4CD9Zar+Sc=

interpret@^0.6.5:
  version "0.6.6"
  resolved "http://registry.npm.taobao.org/interpret/download/interpret-0.6.6.tgz#fecd7a18e7ce5ca6abfb953e1f86213a49f1625b"
  integrity sha1-/s16GOfOXKar+5U+H4YhOknxYls=

ipaddr.js@1.4.0:
  version "1.4.0"
  resolved "http://registry.npm.taobao.org/ipaddr.js/download/ipaddr.js-1.4.0.tgz#296aca878a821816e5b85d0a285a99bcff4582f0"
  integrity sha1-KWrKh4qCGBbluF0KKFqZvP9FgvA=

irregular-plurals@^1.0.0:
  version "1.4.0"
  resolved "http://registry.npm.taobao.org/irregular-plurals/download/irregular-plurals-1.4.0.tgz#2ca9b033651111855412f16be5d77c62a458a766"
  integrity sha1-LKmwM2UREYVUEvFr5dd8YqRYp2Y=

is-buffer@^1.1.4, is-buffer@^1.1.5:
  version "1.1.6"
  resolved "http://registry.npm.taobao.org/is-buffer/download/is-buffer-1.1.6.tgz#efaa2ea9daa0d7ab2ea13a97b2b8ad51fefbe8be"
  integrity sha1-76ouqdqg16suoTqXsritUf776L4=

is-dotfile@^1.0.0:
  version "1.0.3"
  resolved "http://registry.npm.taobao.org/is-dotfile/download/is-dotfile-1.0.3.tgz#a6a2f32ffd2dfb04f5ca25ecd0f6b83cf798a1e1"
  integrity sha1-pqLzL/0t+wT1yiXs0Pa4PPeYoeE=

is-equal-shallow@^0.1.3:
  version "0.1.3"
  resolved "http://registry.npm.taobao.org/is-equal-shallow/download/is-equal-shallow-0.1.3.tgz#2238098fc221de0bcfa5d9eac4c45d638aa1c534"
  integrity sha1-IjgJj8Ih3gvPpdnqxMRdY4qhxTQ=
  dependencies:
    is-primitive "^2.0.0"

is-extendable@^0.1.1:
  version "0.1.1"
  resolved "http://registry.npm.taobao.org/is-extendable/download/is-extendable-0.1.1.tgz#62b110e289a471418e3ec36a617d472e301dfc89"
  integrity sha1-YrEQ4omkcUGOPsNqYX1HLjAd/Ik=

is-extglob@^1.0.0:
  version "1.0.0"
  resolved "http://registry.npm.taobao.org/is-extglob/download/is-extglob-1.0.0.tgz#ac468177c4943405a092fc8f29760c6ffc6206c0"
  integrity sha1-rEaBd8SUNAWgkvyPKXYMb/xiBsA=

is-fullwidth-code-point@^1.0.0:
  version "1.0.0"
  resolved "http://registry.npm.taobao.org/is-fullwidth-code-point/download/is-fullwidth-code-point-1.0.0.tgz#ef9e31386f031a7f0d643af82fde50c457ef00cb"
  integrity sha1-754xOG8DGn8NZDr4L95QxFfvAMs=
  dependencies:
    number-is-nan "^1.0.0"

is-glob@^2.0.0, is-glob@^2.0.1:
  version "2.0.1"
  resolved "http://registry.npm.taobao.org/is-glob/download/is-glob-2.0.1.tgz#d096f926a3ded5600f3fdfd91198cb0888c2d863"
  integrity sha1-0Jb5JqPe1WAPP9/ZEZjLCIjC2GM=
  dependencies:
    is-extglob "^1.0.0"

is-number@^2.1.0:
  version "2.1.0"
  resolved "http://registry.npm.taobao.org/is-number/download/is-number-2.1.0.tgz#01fcbbb393463a548f2f466cce16dece49db908f"
  integrity sha1-Afy7s5NGOlSPL0ZszhbezknbkI8=
  dependencies:
    kind-of "^3.0.2"

is-number@^4.0.0:
  version "4.0.0"
  resolved "http://registry.npm.taobao.org/is-number/download/is-number-4.0.0.tgz#0026e37f5454d73e356dfe6564699867c6a7f0ff"
  integrity sha1-ACbjf1RU1z41bf5lZGmYZ8an8P8=

is-posix-bracket@^0.1.0:
  version "0.1.1"
  resolved "http://registry.npm.taobao.org/is-posix-bracket/download/is-posix-bracket-0.1.1.tgz#3334dc79774368e92f016e6fbc0a88f5cd6e6bc4"
  integrity sha1-MzTceXdDaOkvAW5vvAqI9c1ua8Q=

is-primitive@^2.0.0:
  version "2.0.0"
  resolved "http://registry.npm.taobao.org/is-primitive/download/is-primitive-2.0.0.tgz#207bab91638499c07b2adf240a41a87210034575"
  integrity sha1-IHurkWOEmcB7Kt8kCkGochADRXU=

is-windows@^0.2.0:
  version "0.2.0"
  resolved "http://registry.npm.taobao.org/is-windows/download/is-windows-0.2.0.tgz#de1aa6d63ea29dd248737b69f1ff8b8002d2108c"
  integrity sha1-3hqm1j6indJIc3tp8f+LgALSEIw=

isarray@0.0.1:
  version "0.0.1"
  resolved "http://registry.npm.taobao.org/isarray/download/isarray-0.0.1.tgz#8a18acfca9a8f4177e09abfc6038939b05d1eedf"
  integrity sha1-ihis/Kmo9Bd+Cav8YDiTmwXR7t8=

isarray@1.0.0, isarray@~1.0.0:
  version "1.0.0"
  resolved "http://registry.npm.taobao.org/isarray/download/isarray-1.0.0.tgz#bb935d48582cba168c06834957a54a3e07124f11"
  integrity sha1-u5NdSFgsuhaMBoNJV6VKPgcSTxE=

isexe@^2.0.0:
  version "2.0.0"
  resolved "http://registry.npm.taobao.org/isexe/download/isexe-2.0.0.tgz#e8fbf374dc556ff8947a10dcb0572d633f2cfa10"
  integrity sha1-6PvzdNxVb/iUehDcsFctYz8s+hA=

isobject@^2.0.0:
  version "2.1.0"
  resolved "http://registry.npm.taobao.org/isobject/download/isobject-2.1.0.tgz#f065561096a3f1da2ef46272f815c840d87e0c89"
  integrity sha1-8GVWEJaj8dou9GJy+BXIQNh+DIk=
  dependencies:
    isarray "1.0.0"

isstream@0.1.x:
  version "0.1.2"
  resolved "http://registry.npm.taobao.org/isstream/download/isstream-0.1.2.tgz#47e63f7af55afa6f92e1500e690eb8b8529c099a"
  integrity sha1-R+Y/evVa+m+S4VAOaQ64uFKcCZo=

jsonfile@^2.1.0:
  version "2.4.0"
  resolved "http://registry.npm.taobao.org/jsonfile/download/jsonfile-2.4.0.tgz#3736a2b428b87bbda0cc83b53fa3d633a35c2ae8"
  integrity sha1-NzaitCi4e72gzIO1P6PWM6NcKug=
  optionalDependencies:
    graceful-fs "^4.1.6"

jsonlint-lines@1.7.1:
  version "1.7.1"
  resolved "http://registry.npm.taobao.org/jsonlint-lines/download/jsonlint-lines-1.7.1.tgz#507de680d3fb8c4be1641cc57d6f679f29f178ff"
  integrity sha1-UH3mgNP7jEvhZBzFfW9nnynxeP8=
  dependencies:
    JSV ">= 4.0.x"
    nomnom ">= 1.5.x"

kind-of@^3.0.2:
  version "3.2.2"
  resolved "http://registry.npm.taobao.org/kind-of/download/kind-of-3.2.2.tgz#31ea21a734bab9bbb0f32466d893aea51e4a3c64"
  integrity sha1-MeohpzS6ubuw8yRm2JOupR5KPGQ=
  dependencies:
    is-buffer "^1.1.5"

kind-of@^6.0.0:
  version "6.0.2"
  resolved "http://registry.npm.taobao.org/kind-of/download/kind-of-6.0.2.tgz#01146b36a6218e64e58f3a8d66de5d7fc6f6d051"
  integrity sha1-ARRrNqYhjmTljzqNZt5df8b20FE=

knex@^0.12.6:
  version "0.12.9"
  resolved "http://registry.npm.taobao.org/knex/download/knex-0.12.9.tgz#aa852138c09ed46181e890fd698270bbe7761124"
  integrity sha1-qoUhOMCe1GGB6JD9aYJwu+d2ESQ=
  dependencies:
    babel-runtime "^6.11.6"
    bluebird "^3.4.6"
    chalk "^1.0.0"
    commander "^2.2.0"
    debug "^2.1.3"
    generic-pool "^2.4.2"
    inherits "~2.0.1"
    interpret "^0.6.5"
    liftoff "~2.2.0"
    lodash "^4.6.0"
    minimist "~1.1.0"
    mkdirp "^0.5.0"
    pg-connection-string "^0.1.3"
    readable-stream "^1.1.12"
    safe-buffer "^5.0.1"
    tildify "~1.0.0"
    uuid "^3.0.0"
    v8flags "^2.0.2"

liftoff@~2.2.0:
  version "2.2.5"
  resolved "http://registry.npm.taobao.org/liftoff/download/liftoff-2.2.5.tgz#998c2876cff484b103e4423b93d356da44734c91"
  integrity sha1-mYwods/0hLED5EI7k9NW2kRzTJE=
  dependencies:
    extend "^3.0.0"
    findup-sync "^0.4.2"
    flagged-respawn "^0.3.2"
    rechoir "^0.6.2"
    resolve "^1.1.7"

lodash@3.10.1, lodash@^3.6.0, lodash@~3.10.0:
  version "3.10.1"
  resolved "http://registry.npm.taobao.org/lodash/download/lodash-3.10.1.tgz#5bf45e8e49ba4189e17d482789dfd15bd140b7b6"
  integrity sha1-W/Rejkm6QYnhfUgnid/RW9FAt7Y=

lodash@^4.13.1, lodash@^4.17.11, lodash@^4.6.0:
  version "4.17.11"
  resolved "http://registry.npm.taobao.org/lodash/download/lodash-4.17.11.tgz#b39ea6229ef607ecd89e2c8df12536891cac9b8d"
  integrity sha1-s56mIp72B+zYniyN8SU2iRysm40=

lodash@~2.4.1:
  version "2.4.2"
  resolved "http://registry.npm.taobao.org/lodash/download/lodash-2.4.2.tgz#fadd834b9683073da179b3eae6d9c0d15053f73e"
  integrity sha1-+t2DS5aDBz2hebPq5tnA0VBT9z4=

lodash@~3.9.1:
  version "3.9.3"
  resolved "http://registry.npm.taobao.org/lodash/download/lodash-3.9.3.tgz#0159e86832feffc6d61d852b12a953b99496bd32"
  integrity sha1-AVnoaDL+/8bWHYUrEqlTuZSWvTI=

log-symbols@^1.0.2:
  version "1.0.2"
  resolved "http://registry.npm.taobao.org/log-symbols/download/log-symbols-1.0.2.tgz#376ff7b58ea3086a0f09facc74617eca501e1a18"
  integrity sha1-N2/3tY6jCGoPCfrMdGF+ylAeGhg=
  dependencies:
    chalk "^1.0.0"

math-random@^1.0.1:
  version "1.0.4"
  resolved "http://registry.npm.taobao.org/math-random/download/math-random-1.0.4.tgz#5dd6943c938548267016d4e34f057583080c514c"
  integrity sha1-XdaUPJOFSCZwFtTjTwV1gwgMUUw=

micromatch@^2.3.7:
  version "2.3.11"
  resolved "http://registry.npm.taobao.org/micromatch/download/micromatch-2.3.11.tgz#86677c97d1720b363431d04d0d15293bd38c1565"
  integrity sha1-hmd8l9FyCzY0MdBNDRUpO9OMFWU=
  dependencies:
    arr-diff "^2.0.0"
    array-unique "^0.2.1"
    braces "^1.8.2"
    expand-brackets "^0.1.4"
    extglob "^0.3.1"
    filename-regex "^2.0.0"
    is-extglob "^1.0.0"
    is-glob "^2.0.1"
    kind-of "^3.0.2"
    normalize-path "^2.0.1"
    object.omit "^2.0.0"
    parse-glob "^3.0.4"
    regex-cache "^0.4.2"

minimatch@^3.0.4:
  version "3.0.4"
  resolved "http://registry.npm.taobao.org/minimatch/download/minimatch-3.0.4.tgz#5166e286457f03306064be5497e8dbb0c3d32083"
  integrity sha1-UWbihkV/AzBgZL5Ul+jbsMPTIIM=
  dependencies:
    brace-expansion "^1.1.7"

minimist@0.0.8:
  version "0.0.8"
  resolved "http://registry.npm.taobao.org/minimist/download/minimist-0.0.8.tgz#857fcabfc3397d2625b8228262e86aa7a011b05d"
  integrity sha1-hX/Kv8M5fSYluCKCYuhqp6ARsF0=

minimist@1.2.0:
  version "1.2.0"
  resolved "http://registry.npm.taobao.org/minimist/download/minimist-1.2.0.tgz#a35008b20f41383eec1fb914f4cd5df79a264284"
  integrity sha1-o1AIsg9BOD7sH7kU9M1d95omQoQ=

minimist@~1.1.0:
  version "1.1.3"
  resolved "http://registry.npm.taobao.org/minimist/download/minimist-1.1.3.tgz#3bedfd91a92d39016fcfaa1c681e8faa1a1efda8"
  integrity sha1-O+39kaktOQFvz6ocaB6Pqhoe/ag=

mkdirp@0.x.x, mkdirp@^0.5.0:
  version "0.5.1"
  resolved "http://registry.npm.taobao.org/mkdirp/download/mkdirp-0.5.1.tgz#30057438eac6cf7f8c4767f38648d6697d75c903"
  integrity sha1-MAV0OOrGz3+MR2fzhkjWaX11yQM=
  dependencies:
    minimist "0.0.8"

ms@2.0.0:
  version "2.0.0"
  resolved "http://registry.npm.taobao.org/ms/download/ms-2.0.0.tgz#5608aeadfc00be6c2901df5f9861788de0d597c8"
  integrity sha1-VgiurfwAvmwpAd9fmGF4jeDVl8g=

mute-stream@~0.0.4:
  version "0.0.8"
  resolved "http://registry.npm.taobao.org/mute-stream/download/mute-stream-0.0.8.tgz#1630c42b2251ff81e2a283de96a5497ea92e5e0d"
  integrity sha1-FjDEKyJR/4HiooPelqVJfqkuXg0=

mysql@^2.12.0:
  version "2.16.0"
  resolved "http://registry.npm.taobao.org/mysql/download/mysql-2.16.0.tgz#b23b22ab5de44fc2d5d32bd4f5af6653fc45e2ba"
  integrity sha1-sjsiq13kT8LV0yvU9a9mU/xF4ro=
  dependencies:
    bignumber.js "4.1.0"
    readable-stream "2.3.6"
    safe-buffer "5.1.2"
    sqlstring "2.3.1"

ncp@0.4.x:
  version "0.4.2"
  resolved "http://registry.npm.taobao.org/ncp/download/ncp-0.4.2.tgz#abcc6cbd3ec2ed2a729ff6e7c1fa8f01784a8574"
  integrity sha1-q8xsvT7C7Spyn/bnwfqPAXhKhXQ=

node-session@^1.2.1:
  version "1.2.1"
  resolved "http://registry.npm.taobao.org/node-session/download/node-session-1.2.1.tgz#cdadcffcb16b66b06abdd2173c686cf3ad3917dc"
  integrity sha1-za3P/LFrZrBqvdIXPGhs8605F9w=
  dependencies:
    cookie "^0.1.2"
    cookie-signature "^1.0.6"
    dot-access "0.0.5"
    encrypter "1.0.0-beta"
    fs-extra "^0.24.0"
    lodash "^3.6.0"
    on-headers "^1.0.0"
    proxy-addr "^1.0.7"
    uid-safe "^2.1.1"
    waterline "^0.10.21"

"nomnom@>= 1.5.x":
  version "1.8.1"
  resolved "http://registry.npm.taobao.org/nomnom/download/nomnom-1.8.1.tgz#2151f722472ba79e50a76fc125bb8c8f2e4dc2a7"
  integrity sha1-IVH3Ikcrp55Qp2/BJbuMjy5Nwqc=
  dependencies:
    chalk "~0.4.0"
    underscore "~1.6.0"

normalize-path@^2.0.1:
  version "2.1.1"
  resolved "http://registry.npm.taobao.org/normalize-path/download/normalize-path-2.1.1.tgz#1ab28b556e198363a8c1a6f7e6fa20137fe6aed9"
  integrity sha1-GrKLVW4Zg2Oowab35vogE3/mrtk=
  dependencies:
    remove-trailing-separator "^1.0.1"

number-is-nan@^1.0.0:
  version "1.0.1"
  resolved "http://registry.npm.taobao.org/number-is-nan/download/number-is-nan-1.0.1.tgz#097b602b53422a522c1afb8790318336941a011d"
  integrity sha1-CXtgK1NCKlIsGvuHkDGDNpQaAR0=

object.omit@^2.0.0:
  version "2.0.1"
  resolved "http://registry.npm.taobao.org/object.omit/download/object.omit-2.0.1.tgz#1a9c744829f39dbb858c76ca3579ae2a54ebd1fa"
  integrity sha1-Gpx0SCnznbuFjHbKNXmuKlTr0fo=
  dependencies:
    for-own "^0.1.4"
    is-extendable "^0.1.1"

on-headers@^1.0.0:
  version "1.0.2"
  resolved "http://registry.npm.taobao.org/on-headers/download/on-headers-1.0.2.tgz#772b0ae6aaa525c399e489adfad90c403eb3c28f"
  integrity sha1-dysK5qqlJcOZ5Imt+tkMQD6zwo8=

once@^1.3.0:
  version "1.4.0"
  resolved "http://registry.npm.taobao.org/once/download/once-1.4.0.tgz#583b1aa775961d4b113ac17d9c50baef9dd76bd1"
  integrity sha1-WDsap3WWHUsROsF9nFC6753Xa9E=
  dependencies:
    wrappy "1"

os-homedir@^1.0.1:
  version "1.0.2"
  resolved "http://registry.npm.taobao.org/os-homedir/download/os-homedir-1.0.2.tgz#ffbc4988336e0e833de0c168c7ef152121aa7fb3"
  integrity sha1-/7xJiDNuDoM94MFox+8VISGqf7M=

parse-glob@^3.0.4:
  version "3.0.4"
  resolved "http://registry.npm.taobao.org/parse-glob/download/parse-glob-3.0.4.tgz#b2c376cfb11f35513badd173ef0bb6e3a388391c"
  integrity sha1-ssN2z7EfNVE7rdFz7wu246OIORw=
  dependencies:
    glob-base "^0.3.0"
    is-dotfile "^1.0.0"
    is-extglob "^1.0.0"
    is-glob "^2.0.0"

parse-passwd@^1.0.0:
  version "1.0.0"
  resolved "http://registry.npm.taobao.org/parse-passwd/download/parse-passwd-1.0.0.tgz#6d5b934a456993b23d37f40a382d6f1666a8e5c6"
  integrity sha1-bVuTSkVpk7I9N/QKOC1vFmao5cY=

path-is-absolute@^1.0.0:
  version "1.0.1"
  resolved "http://registry.npm.taobao.org/path-is-absolute/download/path-is-absolute-1.0.1.tgz#174b9268735534ffbc7ace6bf53a5a9e1b5c5f5f"
  integrity sha1-F0uSaHNVNP+8es5r9TpanhtcX18=

path-parse@^1.0.6:
  version "1.0.6"
  resolved "http://registry.npm.taobao.org/path-parse/download/path-parse-1.0.6.tgz#d62dbb5679405d72c4737ec58600e9ddcf06d24c"
  integrity sha1-1i27VnlAXXLEc37FhgDp3c8G0kw=

pg-connection-string@^0.1.3:
  version "0.1.3"
  resolved "http://registry.npm.taobao.org/pg-connection-string/download/pg-connection-string-0.1.3.tgz#da1847b20940e42ee1492beaf65d49d91b245df7"
  integrity sha1-2hhHsglA5C7hSSvq9l1J2RskXfc=

pkginfo@0.3.x:
  version "0.3.1"
  resolved "http://registry.npm.taobao.org/pkginfo/download/pkginfo-0.3.1.tgz#5b29f6a81f70717142e09e765bbeab97b4f81e21"
  integrity sha1-Wyn2qB9wcXFC4J52W76rl7T4HiE=

pkginfo@0.x.x:
  version "0.4.1"
  resolved "http://registry.npm.taobao.org/pkginfo/download/pkginfo-0.4.1.tgz#b5418ef0439de5425fc4995042dced14fb2a84ff"
  integrity sha1-tUGO8EOd5UJfxJlQQtztFPsqhP8=

plur@^2.0.0:
  version "2.1.2"
  resolved "http://registry.npm.taobao.org/plur/download/plur-2.1.2.tgz#7482452c1a0f508e3e344eaec312c91c29dc655a"
  integrity sha1-dIJFLBoPUI4+NE6uwxLJHCncZVo=
  dependencies:
    irregular-plurals "^1.0.0"

preserve@^0.2.0:
  version "0.2.0"
  resolved "http://registry.npm.taobao.org/preserve/download/preserve-0.2.0.tgz#815ed1f6ebc65926f865b310c0713bcb3315ce4b"
  integrity sha1-gV7R9uvGWSb4ZbMQwHE7yzMVzks=

process-nextick-args@~1.0.6:
  version "1.0.7"
  resolved "http://registry.npm.taobao.org/process-nextick-args/download/process-nextick-args-1.0.7.tgz#150e20b756590ad3f91093f25a4f2ad8bff30ba3"
  integrity sha1-FQ4gt1ZZCtP5EJPyWk8q2L/zC6M=

process-nextick-args@~2.0.0:
  version "2.0.0"
  resolved "http://registry.npm.taobao.org/process-nextick-args/download/process-nextick-args-2.0.0.tgz#a37d732f4271b4ab1ad070d35508e8290788ffaa"
  integrity sha1-o31zL0JxtKsa0HDTVQjoKQeI/6o=

prompt@~0.2.14:
  version "0.2.14"
  resolved "http://registry.npm.taobao.org/prompt/download/prompt-0.2.14.tgz#57754f64f543fd7b0845707c818ece618f05ffdc"
  integrity sha1-V3VPZPVD/XsIRXB8gY7OYY8F/9w=
  dependencies:
    pkginfo "0.x.x"
    read "1.0.x"
    revalidator "0.1.x"
    utile "0.2.x"
    winston "0.8.x"

proxy-addr@^1.0.7:
  version "1.1.5"
  resolved "http://registry.npm.taobao.org/proxy-addr/download/proxy-addr-1.1.5.tgz#71c0ee3b102de3f202f3b64f608d173fcba1a918"
  integrity sha1-ccDuOxAt4/IC87ZPYI0XP8uhqRg=
  dependencies:
    forwarded "~0.1.0"
    ipaddr.js "1.4.0"

random-bytes@~1.0.0:
  version "1.0.0"
  resolved "http://registry.npm.taobao.org/random-bytes/download/random-bytes-1.0.0.tgz#4f68a1dc0ae58bd3fb95848c30324db75d64360b"
  integrity sha1-T2ih3Arli9P7lYSMMDJNt11kNgs=

randomatic@^3.0.0:
  version "3.1.1"
  resolved "http://registry.npm.taobao.org/randomatic/download/randomatic-3.1.1.tgz#b776efc59375984e36c537b2f51a1f0aff0da1ed"
  integrity sha1-t3bvxZN1mE42xTey9RofCv8Noe0=
  dependencies:
    is-number "^4.0.0"
    kind-of "^6.0.0"
    math-random "^1.0.1"

read@1.0.x:
  version "1.0.7"
  resolved "http://registry.npm.taobao.org/read/download/read-1.0.7.tgz#b3da19bd052431a97671d44a42634adf710b40c4"
  integrity sha1-s9oZvQUkMal2cdRKQmNK33ELQMQ=
  dependencies:
    mute-stream "~0.0.4"

readable-stream@2.3.6:
  version "2.3.6"
  resolved "http://registry.npm.taobao.org/readable-stream/download/readable-stream-2.3.6.tgz#b11c27d88b8ff1fbe070643cf94b0c79ae1b0aaf"
  integrity sha1-sRwn2IuP8fvgcGQ8+UsMea4bCq8=
  dependencies:
    core-util-is "~1.0.0"
    inherits "~2.0.3"
    isarray "~1.0.0"
    process-nextick-args "~2.0.0"
    safe-buffer "~5.1.1"
    string_decoder "~1.1.1"
    util-deprecate "~1.0.1"

readable-stream@^1.1.12:
  version "1.1.14"
  resolved "http://registry.npm.taobao.org/readable-stream/download/readable-stream-1.1.14.tgz#7cf4c54ef648e3813084c636dd2079e166c081d9"
  integrity sha1-fPTFTvZI44EwhMY23SB54WbAgdk=
  dependencies:
    core-util-is "~1.0.0"
    inherits "~2.0.1"
    isarray "0.0.1"
    string_decoder "~0.10.x"

readable-stream@~2.0.0:
  version "2.0.6"
  resolved "http://registry.npm.taobao.org/readable-stream/download/readable-stream-2.0.6.tgz#8f90341e68a53ccc928788dacfcd11b36eb9b78e"
  integrity sha1-j5A0HmilPMySh4jaz80Rs265t44=
  dependencies:
    core-util-is "~1.0.0"
    inherits "~2.0.1"
    isarray "~1.0.0"
    process-nextick-args "~1.0.6"
    string_decoder "~0.10.x"
    util-deprecate "~1.0.1"

rechoir@^0.6.2:
  version "0.6.2"
  resolved "http://registry.npm.taobao.org/rechoir/download/rechoir-0.6.2.tgz#85204b54dba82d5742e28c96756ef43af50e3384"
  integrity sha1-hSBLVNuoLVdC4oyWdW70OvUOM4Q=
  dependencies:
    resolve "^1.1.6"

regenerator-runtime@^0.11.0:
  version "0.11.1"
  resolved "http://registry.npm.taobao.org/regenerator-runtime/download/regenerator-runtime-0.11.1.tgz#be05ad7f9bf7d22e056f9726cee5017fbf19e2e9"
  integrity sha1-vgWtf5v30i4Fb5cmzuUBf78Z4uk=

regex-cache@^0.4.2:
  version "0.4.4"
  resolved "http://registry.npm.taobao.org/regex-cache/download/regex-cache-0.4.4.tgz#75bdc58a2a1496cec48a12835bc54c8d562336dd"
  integrity sha1-db3FiioUls7EihKDW8VMjVYjNt0=
  dependencies:
    is-equal-shallow "^0.1.3"

remove-trailing-separator@^1.0.1:
  version "1.1.0"
  resolved "http://registry.npm.taobao.org/remove-trailing-separator/download/remove-trailing-separator-1.1.0.tgz#c24bce2a283adad5bc3f58e0d48249b92379d8ef"
  integrity sha1-wkvOKig62tW8P1jg1IJJuSN52O8=

repeat-element@^1.1.2:
  version "1.1.3"
  resolved "http://registry.npm.taobao.org/repeat-element/download/repeat-element-1.1.3.tgz#782e0d825c0c5a3bb39731f84efee6b742e6b1ce"
  integrity sha1-eC4NglwMWjuzlzH4Tv7mt0Lmsc4=

repeat-string@^1.5.0, repeat-string@^1.5.2:
  version "1.6.1"
  resolved "http://registry.npm.taobao.org/repeat-string/download/repeat-string-1.6.1.tgz#8dcae470e1c88abc2d600fff4a776286da75e637"
  integrity sha1-jcrkcOHIirwtYA//Sndihtp15jc=

replace-ext@1.0.0:
  version "1.0.0"
  resolved "http://registry.npm.taobao.org/replace-ext/download/replace-ext-1.0.0.tgz#de63128373fcbf7c3ccfa4de5a480c45a67958eb"
  integrity sha1-3mMSg3P8v3w8z6TeWkgMRaZ5WOs=

resolve-dir@^0.1.0:
  version "0.1.1"
  resolved "http://registry.npm.taobao.org/resolve-dir/download/resolve-dir-0.1.1.tgz#b219259a5602fac5c5c496ad894a6e8cc430261e"
  integrity sha1-shklmlYC+sXFxJatiUpujMQwJh4=
  dependencies:
    expand-tilde "^1.2.2"
    global-modules "^0.2.3"

resolve@^1.1.6, resolve@^1.1.7:
  version "1.10.0"
  resolved "http://registry.npm.taobao.org/resolve/download/resolve-1.10.0.tgz#3bdaaeaf45cc07f375656dfd2e54ed0810b101ba"
  integrity sha1-O9qur0XMB/N1ZW39LlTtCBCxAbo=
  dependencies:
    path-parse "^1.0.6"

revalidator@0.1.x:
  version "0.1.8"
  resolved "http://registry.npm.taobao.org/revalidator/download/revalidator-0.1.8.tgz#fece61bfa0c1b52a206bd6b18198184bdd523a3b"
  integrity sha1-/s5hv6DBtSoga9axgZgYS91SOjs=

rimraf@2.x.x, rimraf@^2.2.8:
  version "2.6.3"
  resolved "http://registry.npm.taobao.org/rimraf/download/rimraf-2.6.3.tgz#b2d104fe0d8fb27cf9e0a1cda8262dd3833c6cab"
  integrity sha1-stEE/g2Psnz54KHNqCYt04M8bKs=
  dependencies:
    glob "^7.1.3"

safe-buffer@5.1.2, safe-buffer@^5.0.1, safe-buffer@~5.1.0, safe-buffer@~5.1.1:
  version "5.1.2"
  resolved "http://registry.npm.taobao.org/safe-buffer/download/safe-buffer-5.1.2.tgz#991ec69d296e0313747d59bdfd2b745c35f8828d"
  integrity sha1-mR7GnSluAxN0fVm9/St0XDX4go0=

sqlstring@2.3.1:
  version "2.3.1"
  resolved "http://registry.npm.taobao.org/sqlstring/download/sqlstring-2.3.1.tgz#475393ff9e91479aea62dcaf0ca3d14983a7fb40"
  integrity sha1-R1OT/56RR5rqYtyvDKPRSYOn+0A=

stack-trace@0.0.x:
  version "0.0.10"
  resolved "http://registry.npm.taobao.org/stack-trace/download/stack-trace-0.0.10.tgz#547c70b347e8d32b4e108ea1a2a159e5fdde19c0"
  integrity sha1-VHxws0fo0ytOEI6hoqFZ5f3eGcA=

string-width@^1.0.0:
  version "1.0.2"
  resolved "http://registry.npm.taobao.org/string-width/download/string-width-1.0.2.tgz#118bdf5b8cdc51a2a7e70d211e07e2b0b9b107d3"
  integrity sha1-EYvfW4zcUaKn5w0hHgfisLmxB9M=
  dependencies:
    code-point-at "^1.0.0"
    is-fullwidth-code-point "^1.0.0"
    strip-ansi "^3.0.0"

string_decoder@~0.10.x:
  version "0.10.31"
  resolved "http://registry.npm.taobao.org/string_decoder/download/string_decoder-0.10.31.tgz#62e203bc41766c6c28c9fc84301dab1c5310fa94"
  integrity sha1-YuIDvEF2bGwoyfyEMB2rHFMQ+pQ=

string_decoder@~1.1.1:
  version "1.1.1"
  resolved "http://registry.npm.taobao.org/string_decoder/download/string_decoder-1.1.1.tgz#9cf1611ba62685d7030ae9e4ba34149c3af03fc8"
  integrity sha1-nPFhG6YmhdcDCunkujQUnDrwP8g=
  dependencies:
    safe-buffer "~5.1.0"

strip-ansi@^3.0.0, strip-ansi@^3.0.1:
  version "3.0.1"
  resolved "http://registry.npm.taobao.org/strip-ansi/download/strip-ansi-3.0.1.tgz#6a385fb8853d952d5ff05d0e8aaf94278dc63dcf"
  integrity sha1-ajhfuIU9lS1f8F0Oiq+UJ43GPc8=
  dependencies:
    ansi-regex "^2.0.0"

strip-ansi@~0.1.0:
  version "0.1.1"
  resolved "http://registry.npm.taobao.org/strip-ansi/download/strip-ansi-0.1.1.tgz#39e8a98d044d150660abe4a6808acf70bb7bc991"
  integrity sha1-OeipjQRNFQZgq+SmgIrPcLt7yZE=

supports-color@^2.0.0:
  version "2.0.0"
  resolved "http://registry.npm.taobao.org/supports-color/download/supports-color-2.0.0.tgz#535d045ce6b6363fa40117084629995e9df324c7"
  integrity sha1-U10EXOa2Nj+kARcIRimZXp3zJMc=

switchback@~2.0.0:
  version "2.0.2"
  resolved "http://registry.npm.taobao.org/switchback/download/switchback-2.0.2.tgz#96cf0e0d363b559d0bb7ff21b62a7aa910ec6079"
  integrity sha1-ls8ODTY7VZ0Lt/8htip6qRDsYHk=
  dependencies:
    lodash "3.10.1"

tildify@~1.0.0:
  version "1.0.0"
  resolved "http://registry.npm.taobao.org/tildify/download/tildify-1.0.0.tgz#2a021db5e8fbde0a8f8b4df37adaa8fb1d39d7dd"
  integrity sha1-KgIdtej73gqPi03zetqo+x05190=
  dependencies:
    user-home "^1.0.0"

trim@0.0.1:
  version "0.0.1"
  resolved "http://registry.npm.taobao.org/trim/download/trim-0.0.1.tgz#5858547f6b290757ee95cccc666fb50084c460dd"
  integrity sha1-WFhUf2spB1fulczMZm+1AITEYN0=

typedarray@~0.0.5:
  version "0.0.6"
  resolved "http://registry.npm.taobao.org/typedarray/download/typedarray-0.0.6.tgz#867ac74e3864187b1d3d47d996a78ec5c8830777"
  integrity sha1-hnrHTjhkGHsdPUfZlqeOxciDB3c=

uid-safe@^2.1.1:
  version "2.1.5"
  resolved "http://registry.npm.taobao.org/uid-safe/download/uid-safe-2.1.5.tgz#2b3d5c7240e8fc2e58f8aa269e5ee49c0857bd3a"
  integrity sha1-Kz1cckDo/C5Y+Komnl7knAhXvTo=
  dependencies:
    random-bytes "~1.0.0"

underscore@~1.6.0:
  version "1.6.0"
  resolved "http://registry.npm.taobao.org/underscore/download/underscore-1.6.0.tgz#8b38b10cacdef63337b8b24e4ff86d45aea529a8"
  integrity sha1-izixDKze9jM3uLJOT/htRa6lKag=

unist-util-stringify-position@^1.0.0:
  version "1.1.2"
  resolved "http://registry.npm.taobao.org/unist-util-stringify-position/download/unist-util-stringify-position-1.1.2.tgz#3f37fcf351279dcbca7480ab5889bb8a832ee1c6"
  integrity sha1-Pzf881EnncvKdICrWIm7ioMu4cY=

user-home@^1.0.0, user-home@^1.1.1:
  version "1.1.1"
  resolved "http://registry.npm.taobao.org/user-home/download/user-home-1.1.1.tgz#2b5be23a32b63a7c9deb8d0f28d485724a3df190"
  integrity sha1-K1viOjK2Onyd640PKNSFcko98ZA=

util-deprecate@~1.0.1:
  version "1.0.2"
  resolved "http://registry.npm.taobao.org/util-deprecate/download/util-deprecate-1.0.2.tgz#450d4dc9fa70de732762fbd2d4a28981419a0ccf"
  integrity sha1-RQ1Nyfpw3nMnYvvS1KKJgUGaDM8=

utile@0.2.x:
  version "0.2.1"
  resolved "http://registry.npm.taobao.org/utile/download/utile-0.2.1.tgz#930c88e99098d6220834c356cbd9a770522d90d7"
  integrity sha1-kwyI6ZCY1iIINMNWy9mncFItkNc=
  dependencies:
    async "~0.2.9"
    deep-equal "*"
    i "0.3.x"
    mkdirp "0.x.x"
    ncp "0.4.x"
    rimraf "2.x.x"

uuid@^3.0.0:
  version "3.3.2"
  resolved "http://registry.npm.taobao.org/uuid/download/uuid-3.3.2.tgz#1b4af4955eb3077c501c23872fc6513811587131"
  integrity sha1-G0r0lV6zB3xQHCOHL8ZROBFYcTE=

v8flags@^2.0.2:
  version "2.1.1"
  resolved "http://registry.npm.taobao.org/v8flags/download/v8flags-2.1.1.tgz#aab1a1fa30d45f88dd321148875ac02c0b55e5b4"
  integrity sha1-qrGh+jDUX4jdMhFIh1rALAtV5bQ=
  dependencies:
    user-home "^1.1.1"

validator@4.4.0:
  version "4.4.0"
  resolved "http://registry.npm.taobao.org/validator/download/validator-4.4.0.tgz#35e29555dd5f7826f970a4eaecff9e6df6df3da6"
  integrity sha1-NeKVVd1feCb5cKTq7P+ebfbfPaY=

vfile-reporter@3.0.0:
  version "3.0.0"
  resolved "http://registry.npm.taobao.org/vfile-reporter/download/vfile-reporter-3.0.0.tgz#fe50714e373e0d2940510038a99bd609bdc8209f"
  integrity sha1-/lBxTjc+DSlAUQA4qZvWCb3IIJ8=
  dependencies:
    chalk "^1.1.0"
    log-symbols "^1.0.2"
    plur "^2.0.0"
    repeat-string "^1.5.0"
    string-width "^1.0.0"
    strip-ansi "^3.0.1"
    trim "0.0.1"
    unist-util-stringify-position "^1.0.0"

vfile@2.0.0:
  version "2.0.0"
  resolved "http://registry.npm.taobao.org/vfile/download/vfile-2.0.0.tgz#88620500e36bad025a0b01cc25106dbcb3090548"
  integrity sha1-iGIFAONrrQJaCwHMJRBtvLMJBUg=
  dependencies:
    has "^1.0.1"
    is-buffer "^1.1.4"
    replace-ext "1.0.0"
    unist-util-stringify-position "^1.0.0"
    x-is-string "^0.1.0"

waterline-criteria@~0.11.1:
  version "0.11.2"
  resolved "http://registry.npm.taobao.org/waterline-criteria/download/waterline-criteria-0.11.2.tgz#6a9115563778ef9df54c46c5d1687cba79a84ea1"
  integrity sha1-apEVVjd47531TEbF0Wh8unmoTqE=
  dependencies:
    lodash "~2.4.1"

waterline-schema@~0.1.20:
  version "0.1.20"
  resolved "http://registry.npm.taobao.org/waterline-schema/download/waterline-schema-0.1.20.tgz#ff7007dbe6acb36f8e0eae59ad9dfa1cff937613"
  integrity sha1-/3AH2+ass2+ODq5ZrZ36HP+TdhM=
  dependencies:
    lodash "~3.10.0"

waterline@^0.10.21:
  version "0.10.31"
  resolved "http://registry.npm.taobao.org/waterline/download/waterline-0.10.31.tgz#06aeff8c3cba5b5f8f3a7ea4341a5c540e22ff19"
  integrity sha1-Bq7/jDy6W1+POn6kNBpcVA4i/xk=
  dependencies:
    anchor "~0.11.0"
    async "~1.2.0"
    bluebird "~2.9.25"
    deep-diff "~0.3.0"
    lodash "~3.9.1"
    prompt "~0.2.14"
    switchback "~2.0.0"
    waterline-criteria "~0.11.1"
    waterline-schema "~0.1.20"

which@^1.2.12:
  version "1.3.1"
  resolved "http://registry.npm.taobao.org/which/download/which-1.3.1.tgz#a45043d54f5805316da8d62f9f50918d3da70b0a"
  integrity sha1-pFBD1U9YBTFtqNYvn1CRjT2nCwo=
  dependencies:
    isexe "^2.0.0"

winston@0.8.x:
  version "0.8.3"
  resolved "http://registry.npm.taobao.org/winston/download/winston-0.8.3.tgz#64b6abf4cd01adcaefd5009393b1d8e8bec19db0"
  integrity sha1-ZLar9M0Brcrv1QCTk7HY6L7BnbA=
  dependencies:
    async "0.2.x"
    colors "0.6.x"
    cycle "1.0.x"
    eyes "0.1.x"
    isstream "0.1.x"
    pkginfo "0.3.x"
    stack-trace "0.0.x"

wrappy@1:
  version "1.0.2"
  resolved "http://registry.npm.taobao.org/wrappy/download/wrappy-1.0.2.tgz#b5243d8f3ec1aa35f1364605bc0d1036e30ab69f"
  integrity sha1-tSQ9jz7BqjXxNkYFvA0QNuMKtp8=

x-is-string@^0.1.0:
  version "0.1.0"
  resolved "http://registry.npm.taobao.org/x-is-string/download/x-is-string-0.1.0.tgz#474b50865af3a49a9c4657f05acd145458f77d82"
  integrity sha1-R0tQhlrzpJqcRlfwWs0UVFj3fYI=
